Microsoft Visual Studio Solution File, Format Version 12.00
# Visual Studio Version 17
VisualStudioVersion = 17.5.2.0
MinimumVisualStudioVersion = 10.0.40219.1
Project("{FAE04EC0-301F-11D3-BF4B-00C04F79EFBC}") = "dodik_todolist", "dodik_todolist.csproj", "{27149358-7B91-1C10-7198-FE623CC400FF}"
EndProject
Global
	GlobalSection(SolutionConfigurationPlatforms) = preSolution
		Debug|Any CPU = Debug|Any CPU
		Release|Any CPU = Release|Any CPU
	EndGlobalSection
	GlobalSection(ProjectConfigurationPlatforms) = postSolution
		{27149358-7B91-1C10-7198-FE623CC400FF}.Debug|Any CPU.ActiveCfg = Debug|Any CPU
		{27149358-7B91-1C10-7198-FE623CC400FF}.Debug|Any CPU.Build.0 = Debug|Any CPU
		{27149358-7B91-1C10-7198-FE623CC400FF}.Release|Any CPU.ActiveCfg = Release|Any CPU
		{27149358-7B91-1C10-7198-FE623CC400FF}.Release|Any CPU.Build.0 = Release|Any CPU
	EndGlobalSection
	GlobalSection(SolutionProperties) = preSolution
		HideSolutionNode = FALSE
	EndGlobalSection
	GlobalSection(ExtensibilityGlobals) = postSolution
		SolutionGuid = {883B6681-F6CC-42E1-841F-BA7049066A05}
	EndGlobalSection
EndGlobal
